{
  "nodes": {
    "disko": {
      "inputs": {
        "nixpkgs": [
          "nixpkgs"
        ]
      },
      "locked": {
        "lastModified": 1704318910,
        "narHash": "sha256-wOIJwAsnZhM0NlFRwYJRgO4Lldh8j9viyzwQXtrbNtM=",
        "owner": "nix-community",
        "repo": "disko",
        "rev": "aef9a509db64a081186af2dc185654d78dc8e344",
        "type": "github"
      },
      "original": {
        "owner": "nix-community",
        "repo": "disko",
        "type": "github"
      }
    },
    "nixos-hardware": {
      "locked": {
        "lastModified": 1704458188,
        "narHash": "sha256-f6BYEuIqnbrs6J/9m1/1VdkJ6d63hO9kUC09kTPuOqE=",
        "owner": "nixos",
        "repo": "nixos-hardware",
        "rev": "172385318068519900a7d71c1024242fa6af75f0",
        "type": "github"
      },
      "original": {
        "owner": "nixos",
        "repo": "nixos-hardware",
        "type": "github"
      }
    },
    "nixpkgs": {
      "locked": {
        "lastModified": 1704295289,
        "narHash": "sha256-9WZDRfpMqCYL6g/HNWVvXF0hxdaAgwgIGeLYiOhmes8=",
        "owner": "nixos",
        "repo": "nixpkgs",
        "rev": "b0b2c5445c64191fd8d0b31f2b1a34e45a64547d",
        "type": "github"
      },
      "original": {
        "owner": "nixos",
        "ref": "nixos-23.11",
        "repo": "nixpkgs",
        "type": "github"
      }
    },
    "nixpkgs-unstable": {
      "locked": {
        "lastModified": 1704161960,
        "narHash": "sha256-QGua89Pmq+FBAro8NriTuoO/wNaUtugt29/qqA8zeeM=",
        "owner": "nixos",
        "repo": "nixpkgs",
        "rev": "63143ac2c9186be6d9da6035fa22620018c85932",
        "type": "github"
      },
      "original": {
        "owner": "nixos",
        "ref": "nixpkgs-unstable",
        "repo": "nixpkgs",
        "type": "github"
      }
    },
    "nixpkgs_2": {
      "locked": {
        "lastModified": 1695644571,
        "narHash": "sha256-asS9dCCdlt1lPq0DLwkVBbVoEKuEuz+Zi3DG7pR/RxA=",
        "owner": "nixos",
        "repo": "nixpkgs",
        "rev": "6500b4580c2a1f3d0f980d32d285739d8e156d92",
        "type": "github"
      },
      "original": {
        "owner": "nixos",
        "ref": "nixos-unstable",
        "repo": "nixpkgs",
        "type": "github"
      }
    },
    "root": {
      "inputs": {
        "disko": "disko",
        "nixos-hardware": "nixos-hardware",
        "nixpkgs": "nixpkgs",
        "nixpkgs-unstable": "nixpkgs-unstable",
        "treefmt-nix": "treefmt-nix"
      }
    },
    "treefmt-nix": {
      "inputs": {
        "nixpkgs": "nixpkgs_2"
      },
      "locked": {
        "lastModified": 1704233915,
        "narHash": "sha256-GYDC4HjyVizxnyKRbkrh1GugGp8PP3+fJuh40RPCN7k=",
        "owner": "numtide",
        "repo": "treefmt-nix",
        "rev": "e434da615ef74187ba003b529cc72f425f5d941e",
        "type": "github"
      },
      "original": {
        "owner": "numtide",
        "repo": "treefmt-nix",
        "type": "github"
      }
    }
  },
  "root": "root",
  "version": 7
}
